
Microsoft Visual Studio Solution File, Format Version 12.00
# Visual Studio 14
VisualStudioVersion = 14.0.25420.1
MinimumVisualStudioVersion = 10.0.40219.1
Project("{FAE04EC0-301F-11D3-BF4B-00C04F79EFBC}") = "SimpleEventSimulation", "SimpleEventSimulation\SimpleEventSimulation.csproj", "{FD2FE003-D958-43EF-BF8C-F54E71E5124D}"
EndProject
Project("{FAE04EC0-301F-11D3-BF4B-00C04F79EFBC}") = "SimulationLibrary", "SimulationLibrary\SimulationLibrary.csproj", "{D0FBD202-F7E2-451B-83D0-1D4ED7C43D8C}"
EndProject
Project("{FAE04EC0-301F-11D3-BF4B-00C04F79EFBC}") = "GeneralLibrary", "GeneralLibrary\GeneralLibrary.csproj", "{EA8E016B-DAB0-4249-8DE6-86C25976073A}"
EndProject
Project("{FAE04EC0-301F-11D3-BF4B-00C04F79EFBC}") = "RandomGenerators", "RandomGenerators\RandomGenerators.csproj", "{E978D58D-2F44-40E1-A6DB-1CCFE948CB6F}"
EndProject
Project("{2150E333-8FDC-42A3-9474-1A3956D46DE8}") = "Simple Event Simulation", "Simple Event Simulation", "{EDA5307C-5F55-4ACC-A45B-A97FA563B525}"
EndProject
Project("{2150E333-8FDC-42A3-9474-1A3956D46DE8}") = "General Library", "General Library", "{40B4B4B0-656E-40C3-B9E1-16549D952222}"
EndProject
Project("{2150E333-8FDC-42A3-9474-1A3956D46DE8}") = "Autoservice Simulation", "Autoservice Simulation", "{32A91CC5-A8A9-4E28-86EF-E55266E8D6CE}"
EndProject
Project("{FAE04EC0-301F-11D3-BF4B-00C04F79EFBC}") = "TestGenerators", "TestGenerators\TestGenerators.csproj", "{A39F1F64-ED2B-46AE-9D02-C969BEEE2316}"
EndProject
Project("{FAE04EC0-301F-11D3-BF4B-00C04F79EFBC}") = "AutoserviceLibrary", "AutoserviceLibrary\AutoserviceLibrary.csproj", "{7BE01B3E-E257-4514-808D-1569E157E441}"
EndProject
Project("{FAE04EC0-301F-11D3-BF4B-00C04F79EFBC}") = "AutoserviceGui", "AutoserviceGui\AutoserviceGui.csproj", "{DF736C30-5D72-4D94-A687-7BAF2C2A6D0B}"
EndProject
Project("{FAE04EC0-301F-11D3-BF4B-00C04F79EFBC}") = "AutoserviceAllResult", "AutoserviceAllResult\AutoserviceAllResult.csproj", "{0A846456-2ABF-476A-91EB-7ACC4E8C9080}"
EndProject
Global
	GlobalSection(SolutionConfigurationPlatforms) = preSolution
		Debug|Any CPU = Debug|Any CPU
		Release|Any CPU = Release|Any CPU
	EndGlobalSection
	GlobalSection(ProjectConfigurationPlatforms) = postSolution
		{FD2FE003-D958-43EF-BF8C-F54E71E5124D}.Debug|Any CPU.ActiveCfg = Debug|Any CPU
		{FD2FE003-D958-43EF-BF8C-F54E71E5124D}.Debug|Any CPU.Build.0 = Debug|Any CPU
		{FD2FE003-D958-43EF-BF8C-F54E71E5124D}.Release|Any CPU.ActiveCfg = Release|Any CPU
		{FD2FE003-D958-43EF-BF8C-F54E71E5124D}.Release|Any CPU.Build.0 = Release|Any CPU
		{D0FBD202-F7E2-451B-83D0-1D4ED7C43D8C}.Debug|Any CPU.ActiveCfg = Debug|Any CPU
		{D0FBD202-F7E2-451B-83D0-1D4ED7C43D8C}.Debug|Any CPU.Build.0 = Debug|Any CPU
		{D0FBD202-F7E2-451B-83D0-1D4ED7C43D8C}.Release|Any CPU.ActiveCfg = Release|Any CPU
		{D0FBD202-F7E2-451B-83D0-1D4ED7C43D8C}.Release|Any CPU.Build.0 = Release|Any CPU
		{EA8E016B-DAB0-4249-8DE6-86C25976073A}.Debug|Any CPU.ActiveCfg = Debug|Any CPU
		{EA8E016B-DAB0-4249-8DE6-86C25976073A}.Debug|Any CPU.Build.0 = Debug|Any CPU
		{EA8E016B-DAB0-4249-8DE6-86C25976073A}.Release|Any CPU.ActiveCfg = Release|Any CPU
		{EA8E016B-DAB0-4249-8DE6-86C25976073A}.Release|Any CPU.Build.0 = Release|Any CPU
		{E978D58D-2F44-40E1-A6DB-1CCFE948CB6F}.Debug|Any CPU.ActiveCfg = Debug|Any CPU
		{E978D58D-2F44-40E1-A6DB-1CCFE948CB6F}.Debug|Any CPU.Build.0 = Debug|Any CPU
		{E978D58D-2F44-40E1-A6DB-1CCFE948CB6F}.Release|Any CPU.ActiveCfg = Release|Any CPU
		{E978D58D-2F44-40E1-A6DB-1CCFE948CB6F}.Release|Any CPU.Build.0 = Release|Any CPU
		{A39F1F64-ED2B-46AE-9D02-C969BEEE2316}.Debug|Any CPU.ActiveCfg = Debug|Any CPU
		{A39F1F64-ED2B-46AE-9D02-C969BEEE2316}.Debug|Any CPU.Build.0 = Debug|Any CPU
		{A39F1F64-ED2B-46AE-9D02-C969BEEE2316}.Release|Any CPU.ActiveCfg = Release|Any CPU
		{A39F1F64-ED2B-46AE-9D02-C969BEEE2316}.Release|Any CPU.Build.0 = Release|Any CPU
		{7BE01B3E-E257-4514-808D-1569E157E441}.Debug|Any CPU.ActiveCfg = Debug|Any CPU
		{7BE01B3E-E257-4514-808D-1569E157E441}.Debug|Any CPU.Build.0 = Debug|Any CPU
		{7BE01B3E-E257-4514-808D-1569E157E441}.Release|Any CPU.ActiveCfg = Release|Any CPU
		{7BE01B3E-E257-4514-808D-1569E157E441}.Release|Any CPU.Build.0 = Release|Any CPU
		{DF736C30-5D72-4D94-A687-7BAF2C2A6D0B}.Debug|Any CPU.ActiveCfg = Debug|Any CPU
		{DF736C30-5D72-4D94-A687-7BAF2C2A6D0B}.Debug|Any CPU.Build.0 = Debug|Any CPU
		{DF736C30-5D72-4D94-A687-7BAF2C2A6D0B}.Release|Any CPU.ActiveCfg = Release|Any CPU
		{DF736C30-5D72-4D94-A687-7BAF2C2A6D0B}.Release|Any CPU.Build.0 = Release|Any CPU
		{0A846456-2ABF-476A-91EB-7ACC4E8C9080}.Debug|Any CPU.ActiveCfg = Debug|Any CPU
		{0A846456-2ABF-476A-91EB-7ACC4E8C9080}.Debug|Any CPU.Build.0 = Debug|Any CPU
		{0A846456-2ABF-476A-91EB-7ACC4E8C9080}.Release|Any CPU.ActiveCfg = Release|Any CPU
		{0A846456-2ABF-476A-91EB-7ACC4E8C9080}.Release|Any CPU.Build.0 = Release|Any CPU
	EndGlobalSection
	GlobalSection(SolutionProperties) = preSolution
		HideSolutionNode = FALSE
	EndGlobalSection
	GlobalSection(NestedProjects) = preSolution
		{FD2FE003-D958-43EF-BF8C-F54E71E5124D} = {EDA5307C-5F55-4ACC-A45B-A97FA563B525}
		{D0FBD202-F7E2-451B-83D0-1D4ED7C43D8C} = {40B4B4B0-656E-40C3-B9E1-16549D952222}
		{EA8E016B-DAB0-4249-8DE6-86C25976073A} = {40B4B4B0-656E-40C3-B9E1-16549D952222}
		{E978D58D-2F44-40E1-A6DB-1CCFE948CB6F} = {40B4B4B0-656E-40C3-B9E1-16549D952222}
		{A39F1F64-ED2B-46AE-9D02-C969BEEE2316} = {32A91CC5-A8A9-4E28-86EF-E55266E8D6CE}
		{7BE01B3E-E257-4514-808D-1569E157E441} = {32A91CC5-A8A9-4E28-86EF-E55266E8D6CE}
		{DF736C30-5D72-4D94-A687-7BAF2C2A6D0B} = {32A91CC5-A8A9-4E28-86EF-E55266E8D6CE}
		{0A846456-2ABF-476A-91EB-7ACC4E8C9080} = {32A91CC5-A8A9-4E28-86EF-E55266E8D6CE}
	EndGlobalSection
EndGlobal
